// !$*UTF8*$!
{
	archiveVersion = 1;
	classes = {
	};
	objectVersion = 56;
	objects = {

/* Begin PBXBuildFile section */
		66337B1A29B620EB00261A70 /* AppDelegate.swift in Sources */ = {isa = PBXBuildFile; fileRef = 66337B1929B620EB00261A70 /* AppDelegate.swift */; };
		66337B1C29B620EB00261A70 /* SceneDelegate.swift in Sources */ = {isa = PBXBuildFile; fileRef = 66337B1B29B620EB00261A70 /* SceneDelegate.swift */; };
		66337B2329B620EC00261A70 /* Assets.xcassets in Resources */ = {isa = PBXBuildFile; fileRef = 66337B2229B620EC00261A70 /* Assets.xcassets */; };
		66337B2629B620EC00261A70 /* LaunchScreen.storyboard in Resources */ = {isa = PBXBuildFile; fileRef = 66337B2429B620EC00261A70 /* LaunchScreen.storyboard */; };
		66337B2E29B6234100261A70 /* MainTabBarViewController.swift in Sources */ = {isa = PBXBuildFile; fileRef = 66337B2D29B6234100261A70 /* MainTabBarViewController.swift */; };
		66337B3129B623E100261A70 /* CharacterViewController.swift in Sources */ = {isa = PBXBuildFile; fileRef = 66337B3029B623E100261A70 /* CharacterViewController.swift */; };
		66337B3329B6240900261A70 /* LocationViewController.swift in Sources */ = {isa = PBXBuildFile; fileRef = 66337B3229B6240900261A70 /* LocationViewController.swift */; };
		66337B3629B62F2B00261A70 /* Extension+UIColor.swift in Sources */ = {isa = PBXBuildFile; fileRef = 66337B3529B62F2B00261A70 /* Extension+UIColor.swift */; };
		663EDB0429BBB90D00601A48 /* CharacterInfoViewController.swift in Sources */ = {isa = PBXBuildFile; fileRef = 663EDB0329BBB90D00601A48 /* CharacterInfoViewController.swift */; };
		666C79C529B7797F00D6C343 /* CharacterCollectionViewCell.swift in Sources */ = {isa = PBXBuildFile; fileRef = 666C79C429B7797F00D6C343 /* CharacterCollectionViewCell.swift */; };
		666EF14429C4A50B00CFBF42 /* APIRequest.swift in Sources */ = {isa = PBXBuildFile; fileRef = 666EF14329C4A50B00CFBF42 /* APIRequest.swift */; };
		666EF14729C4ABD500CFBF42 /* CharacterModel.swift in Sources */ = {isa = PBXBuildFile; fileRef = 666EF14629C4ABD500CFBF42 /* CharacterModel.swift */; };
		666EF14929C4AE5A00CFBF42 /* APIModel.swift in Sources */ = {isa = PBXBuildFile; fileRef = 666EF14829C4AE5A00CFBF42 /* APIModel.swift */; };
		666EF14C29C4BA8300CFBF42 /* CharacterViewViewModel.swift in Sources */ = {isa = PBXBuildFile; fileRef = 666EF14B29C4BA8300CFBF42 /* CharacterViewViewModel.swift */; };
		666EF14F29C4C4C500CFBF42 /* SDWebImage in Frameworks */ = {isa = PBXBuildFile; productRef = 666EF14E29C4C4C500CFBF42 /* SDWebImage */; };
		66735F4C29CB7DCE002BDD08 /* CharacterInfoViewViewModel.swift in Sources */ = {isa = PBXBuildFile; fileRef = 66735F4B29CB7DCE002BDD08 /* CharacterInfoViewViewModel.swift */; };
/* End PBXBuildFile section */

/* Begin PBXFileReference section */
		66337B1629B620EB00261A70 /* RickandMorty.app */ = {isa = PBXFileReference; explicitFileType = wrapper.application; includeInIndex = 0; path = RickandMorty.app; sourceTree = BUILT_PRODUCTS_DIR; };
		66337B1929B620EB00261A70 /* AppDelegate.swift */ = {isa = PBXFileReference; lastKnownFileType = sourcecode.swift; path = AppDelegate.swift; sourceTree = "<group>"; };
		66337B1B29B620EB00261A70 /* SceneDelegate.swift */ = {isa = PBXFileReference; lastKnownFileType = sourcecode.swift; path = SceneDelegate.swift; sourceTree = "<group>"; };
		66337B2229B620EC00261A70 /* Assets.xcassets */ = {isa = PBXFileReference; lastKnownFileType = folder.assetcatalog; path = Assets.xcassets; sourceTree = "<group>"; };
		66337B2529B620EC00261A70 /* Base */ = {isa = PBXFileReference; lastKnownFileType = file.storyboard; name = Base; path = Base.lproj/LaunchScreen.storyboard; sourceTree = "<group>"; };
		66337B2729B620EC00261A70 /* Info.plist */ = {isa = PBXFileReference; lastKnownFileType = text.plist.xml; path = Info.plist; sourceTree = "<group>"; };
		66337B2D29B6234100261A70 /* MainTabBarViewController.swift */ = {isa = PBXFileReference; lastKnownFileType = sourcecode.swift; path = MainTabBarViewController.swift; sourceTree = "<group>"; };
		66337B3029B623E100261A70 /* CharacterViewController.swift */ = {isa = PBXFileReference; lastKnownFileType = sourcecode.swift; path = CharacterViewController.swift; sourceTree = "<group>"; };
		66337B3229B6240900261A70 /* LocationViewController.swift */ = {isa = PBXFileReference; lastKnownFileType = sourcecode.swift; path = LocationViewController.swift; sourceTree = "<group>"; };
		66337B3529B62F2B00261A70 /* Extension+UIColor.swift */ = {isa = PBXFileReference; lastKnownFileType = sourcecode.swift; path = "Extension+UIColor.swift"; sourceTree = "<group>"; };
		663EDB0329BBB90D00601A48 /* CharacterInfoViewController.swift */ = {isa = PBXFileReference; lastKnownFileType = sourcecode.swift; path = CharacterInfoViewController.swift; sourceTree = "<group>"; };
		666C79C429B7797F00D6C343 /* CharacterCollectionViewCell.swift */ = {isa = PBXFileReference; lastKnownFileType = sourcecode.swift; path = CharacterCollectionViewCell.swift; sourceTree = "<group>"; };
		666EF14329C4A50B00CFBF42 /* APIRequest.swift */ = {isa = PBXFileReference; lastKnownFileType = sourcecode.swift; path = APIRequest.swift; sourceTree = "<group>"; };
		666EF14629C4ABD500CFBF42 /* CharacterModel.swift */ = {isa = PBXFileReference; lastKnownFileType = sourcecode.swift; path = CharacterModel.swift; sourceTree = "<group>"; };
		666EF14829C4AE5A00CFBF42 /* APIModel.swift */ = {isa = PBXFileReference; lastKnownFileType = sourcecode.swift; path = APIModel.swift; sourceTree = "<group>"; };
		666EF14B29C4BA8300CFBF42 /* CharacterViewViewModel.swift */ = {isa = PBXFileReference; lastKnownFileType = sourcecode.swift; path = CharacterViewViewModel.swift; sourceTree = "<group>"; };
		66735F4B29CB7DCE002BDD08 /* CharacterInfoViewViewModel.swift */ = {isa = PBXFileReference; lastKnownFileType = sourcecode.swift; path = CharacterInfoViewViewModel.swift; sourceTree = "<group>"; };
/* End PBXFileReference section */

/* Begin PBXFrameworksBuildPhase section */
		66337B1329B620EB00261A70 /* Frameworks */ = {
			isa = PBXFrameworksBuildPhase;
			buildActionMask = 2147483647;
			files = (
				666EF14F29C4C4C500CFBF42 /* SDWebImage in Frameworks */,
			);
			runOnlyForDeploymentPostprocessing = 0;
		};
/* End PBXFrameworksBuildPhase section */

/* Begin PBXGroup section */
		66337B0D29B620EB00261A70 = {
			isa = PBXGroup;
			children = (
				66337B1829B620EB00261A70 /* RickandMorty */,
				66337B1729B620EB00261A70 /* Products */,
			);
			sourceTree = "<group>";
		};
		66337B1729B620EB00261A70 /* Products */ = {
			isa = PBXGroup;
			children = (
				66337B1629B620EB00261A70 /* RickandMorty.app */,
			);
			name = Products;
			sourceTree = "<group>";
		};
		66337B1829B620EB00261A70 /* RickandMorty */ = {
			isa = PBXGroup;
			children = (
				66337B3429B62F0600261A70 /* Extensions */,
				666EF14229C4A4F600CFBF42 /* APIClient */,
				666EF14529C4ABC700CFBF42 /* Model */,
				666C79C329B7796000D6C343 /* Views */,
				66337B2F29B623C200261A70 /* Core */,
				66337B1929B620EB00261A70 /* AppDelegate.swift */,
				66337B1B29B620EB00261A70 /* SceneDelegate.swift */,
				66337B2229B620EC00261A70 /* Assets.xcassets */,
				66337B2429B620EC00261A70 /* LaunchScreen.storyboard */,
				66337B2729B620EC00261A70 /* Info.plist */,
			);
			path = RickandMorty;
			sourceTree = "<group>";
		};
		66337B2F29B623C200261A70 /* Core */ = {
			isa = PBXGroup;
			children = (
				66735F4529CB7C94002BDD08 /* CharacterView */,
				66735F4829CB7D12002BDD08 /* MainTabBarView */,
				66337B3229B6240900261A70 /* LocationViewController.swift */,
			);
			path = Core;
			sourceTree = "<group>";
		};
		66337B3429B62F0600261A70 /* Extensions */ = {
			isa = PBXGroup;
			children = (
				66337B3529B62F2B00261A70 /* Extension+UIColor.swift */,
			);
			path = Extensions;
			sourceTree = "<group>";
		};
		666C79C329B7796000D6C343 /* Views */ = {
			isa = PBXGroup;
			children = (
				66735F4929CB7D72002BDD08 /* CharacterInfoView */,
			);
			path = Views;
			sourceTree = "<group>";
		};
		666EF14229C4A4F600CFBF42 /* APIClient */ = {
			isa = PBXGroup;
			children = (
				666EF14329C4A50B00CFBF42 /* APIRequest.swift */,
			);
			path = APIClient;
			sourceTree = "<group>";
		};
		666EF14529C4ABC700CFBF42 /* Model */ = {
			isa = PBXGroup;
			children = (
				666EF14629C4ABD500CFBF42 /* CharacterModel.swift */,
				666EF14829C4AE5A00CFBF42 /* APIModel.swift */,
			);
			path = Model;
			sourceTree = "<group>";
		};
		66735F4529CB7C94002BDD08 /* CharacterView */ = {
			isa = PBXGroup;
			children = (
				66735F4729CB7CC1002BDD08 /* ViewModel */,
				66735F4629CB7CAF002BDD08 /* Views */,
				66337B3029B623E100261A70 /* CharacterViewController.swift */,
			);
			path = CharacterView;
			sourceTree = "<group>";
		};
		66735F4629CB7CAF002BDD08 /* Views */ = {
			isa = PBXGroup;
			children = (
				666C79C429B7797F00D6C343 /* CharacterCollectionViewCell.swift */,
			);
			path = Views;
			sourceTree = "<group>";
		};
		66735F4729CB7CC1002BDD08 /* ViewModel */ = {
			isa = PBXGroup;
			children = (
				666EF14B29C4BA8300CFBF42 /* CharacterViewViewModel.swift */,
			);
			path = ViewModel;
			sourceTree = "<group>";
		};
		66735F4829CB7D12002BDD08 /* MainTabBarView */ = {
			isa = PBXGroup;
			children = (
				66337B2D29B6234100261A70 /* MainTabBarViewController.swift */,
			);
			path = MainTabBarView;
			sourceTree = "<group>";
		};
		66735F4929CB7D72002BDD08 /* CharacterInfoView */ = {
			isa = PBXGroup;
			children = (
				66735F4A29CB7D83002BDD08 /* ViewModel */,
				663EDB0329BBB90D00601A48 /* CharacterInfoViewController.swift */,
			);
			path = CharacterInfoView;
			sourceTree = "<group>";
		};
		66735F4A29CB7D83002BDD08 /* ViewModel */ = {
			isa = PBXGroup;
			children = (
				66735F4B29CB7DCE002BDD08 /* CharacterInfoViewViewModel.swift */,
			);
			path = ViewModel;
			sourceTree = "<group>";
		};
/* End PBXGroup section */

/* Begin PBXNativeTarget section */
		66337B1529B620EB00261A70 /* RickandMorty */ = {
			isa = PBXNativeTarget;
			buildConfigurationList = 66337B2A29B620EC00261A70 /* Build configuration list for PBXNativeTarget "RickandMorty" */;
			buildPhases = (
				66337B1229B620EB00261A70 /* Sources */,
				66337B1329B620EB00261A70 /* Frameworks */,
				66337B1429B620EB00261A70 /* Resources */,
			);
			buildRules = (
			);
			dependencies = (
			);
			name = RickandMorty;
			packageProductDependencies = (
				666EF14E29C4C4C500CFBF42 /* SDWebImage */,
			);
			productName = RickandMorty;
			productReference = 66337B1629B620EB00261A70 /* RickandMorty.app */;
			productType = "com.apple.product-type.application";
		};
/* End PBXNativeTarget section */

/* Begin PBXProject section */
		66337B0E29B620EB00261A70 /* Project object */ = {
			isa = PBXProject;
			attributes = {
				BuildIndependentTargetsInParallel = 1;
				LastSwiftUpdateCheck = 1420;
				LastUpgradeCheck = 1420;
				TargetAttributes = {
					66337B1529B620EB00261A70 = {
						CreatedOnToolsVersion = 14.2;
					};
				};
			};
			buildConfigurationList = 66337B1129B620EB00261A70 /* Build configuration list for PBXProject "RickandMorty" */;
			compatibilityVersion = "Xcode 14.0";
			developmentRegion = en;
			hasScannedForEncodings = 0;
			knownRegions = (
				en,
				Base,
			);
			mainGroup = 66337B0D29B620EB00261A70;
			packageReferences = (
				666EF14D29C4C4C500CFBF42 /* XCRemoteSwiftPackageReference "SDWebImage" */,
			);
			productRefGroup = 66337B1729B620EB00261A70 /* Products */;
			projectDirPath = "";
			projectRoot = "";
			targets = (
				66337B1529B620EB00261A70 /* RickandMorty */,
			);
		};
/* End PBXProject section */

/* Begin PBXResourcesBuildPhase section */
		66337B1429B620EB00261A70 /* Resources */ = {
			isa = PBXResourcesBuildPhase;
			buildActionMask = 2147483647;
			files = (
				66337B2629B620EC00261A70 /* LaunchScreen.storyboard in Resources */,
				66337B2329B620EC00261A70 /* Assets.xcassets in Resources */,
			);
			runOnlyForDeploymentPostprocessing = 0;
		};
/* End PBXResourcesBuildPhase section */

/* Begin PBXSourcesBuildPhase section */
		66337B1229B620EB00261A70 /* Sources */ = {
			isa = PBXSourcesBuildPhase;
			buildActionMask = 2147483647;
			files = (
				66337B3129B623E100261A70 /* CharacterViewController.swift in Sources */,
				666EF14729C4ABD500CFBF42 /* CharacterModel.swift in Sources */,
				66337B3629B62F2B00261A70 /* Extension+UIColor.swift in Sources */,
				666EF14C29C4BA8300CFBF42 /* CharacterViewViewModel.swift in Sources */,
				66337B2E29B6234100261A70 /* MainTabBarViewController.swift in Sources */,
				666EF14929C4AE5A00CFBF42 /* APIModel.swift in Sources */,
				66735F4C29CB7DCE002BDD08 /* CharacterInfoViewViewModel.swift in Sources */,
				66337B3329B6240900261A70 /* LocationViewController.swift in Sources */,
				663EDB0429BBB90D00601A48 /* CharacterInfoViewController.swift in Sources */,
				66337B1A29B620EB00261A70 /* AppDelegate.swift in Sources */,
				66337B1C29B620EB00261A70 /* SceneDelegate.swift in Sources */,
				666EF14429C4A50B00CFBF42 /* APIRequest.swift in Sources */,
				666C79C529B7797F00D6C343 /* CharacterCollectionViewCell.swift in Sources */,
			);
			runOnlyForDeploymentPostprocessing = 0;
		};
/* End PBXSourcesBuildPhase section */

/* Begin PBXVariantGroup section */
		66337B2429B620EC00261A70 /* LaunchScreen.storyboard */ = {
			isa = PBXVariantGroup;
			children = (
				66337B2529B620EC00261A70 /* Base */,
			);
			name = LaunchScreen.storyboard;
			sourceTree = "<group>";
		};
/* End PBXVariantGroup section */

/* Begin XCBuildConfiguration section */
		66337B2829B620EC00261A70 /* Debug */ = {
			isa = XCBuildConfiguration;
			buildSettings = {
				ALWAYS_SEARCH_USER_PATHS = NO;
				CLANG_ANALYZER_NONNULL = YES;
				CLANG_ANALYZER_NUMBER_OBJECT_CONVERSION = YES_AGGRESSIVE;
				CLANG_CXX_LANGUAGE_STANDARD = "gnu++20";
				CLANG_ENABLE_MODULES = YES;
				CLANG_ENABLE_OBJC_ARC = YES;
				CLANG_ENABLE_OBJC_WEAK = YES;
				CLANG_WARN_BLOCK_CAPTURE_AUTORELEASING = YES;
				CLANG_WARN_BOOL_CONVERSION = YES;
				CLANG_WARN_COMMA = YES;
				CLANG_WARN_CONSTANT_CONVERSION = YES;
				CLANG_WARN_DEPRECATED_OBJC_IMPLEMENTATIONS = YES;
				CLANG_WARN_DIRECT_OBJC_ISA_USAGE = YES_ERROR;
				CLANG_WARN_DOCUMENTATION_COMMENTS = YES;
				CLANG_WARN_EMPTY_BODY = YES;
				CLANG_WARN_ENUM_CONVERSION = YES;
				CLANG_WARN_INFINITE_RECURSION = YES;
				CLANG_WARN_INT_CONVERSION = YES;
				CLANG_WARN_NON_LITERAL_NULL_CONVERSION = YES;
				CLANG_WARN_OBJC_IMPLICIT_RETAIN_SELF = YES;
				CLANG_WARN_OBJC_LITERAL_CONVERSION = YES;
				CLANG_WARN_OBJC_ROOT_CLASS = YES_ERROR;
				CLANG_WARN_QUOTED_INCLUDE_IN_FRAMEWORK_HEADER = YES;
				CLANG_WARN_RANGE_LOOP_ANALYSIS = YES;
				CLANG_WARN_STRICT_PROTOTYPES = YES;
				CLANG_WARN_SUSPICIOUS_MOVE = YES;
				CLANG_WARN_UNGUARDED_AVAILABILITY = YES_AGGRESSIVE;
				CLANG_WARN_UNREACHABLE_CODE = YES;
				CLANG_WARN__DUPLICATE_METHOD_MATCH = YES;
				COPY_PHASE_STRIP = NO;
				DEBUG_INFORMATION_FORMAT = dwarf;
				ENABLE_STRICT_OBJC_MSGSEND = YES;
				ENABLE_TESTABILITY = YES;
				GCC_C_LANGUAGE_STANDARD = gnu11;
				GCC_DYNAMIC_NO_PIC = NO;
				GCC_NO_COMMON_BLOCKS = YES;
				GCC_OPTIMIZATION_LEVEL = 0;
				GCC_PREPROCESSOR_DEFINITIONS = (
					"DEBUG=1",
					"$(inherited)",
				);
				GCC_WARN_64_TO_32_BIT_CONVERSION = YES;
				GCC_WARN_ABOUT_RETURN_TYPE = YES_ERROR;
				GCC_WARN_UNDECLARED_SELECTOR = YES;
				GCC_WARN_UNINITIALIZED_AUTOS = YES_AGGRESSIVE;
				GCC_WARN_UNUSED_FUNCTION = YES;
				GCC_WARN_UNUSED_VARIABLE = YES;
				IPHONEOS_DEPLOYMENT_TARGET = 16.2;
				MTL_ENABLE_DEBUG_INFO = INCLUDE_SOURCE;
				MTL_FAST_MATH = YES;
				ONLY_ACTIVE_ARCH = YES;
				SDKROOT = iphoneos;
				SWIFT_ACTIVE_COMPILATION_CONDITIONS = DEBUG;
				SWIFT_OPTIMIZATION_LEVEL = "-Onone";
			};
			name = Debug;
		};
		66337B2929B620EC00261A70 /* Release */ = {
			isa = XCBuildConfiguration;
			buildSettings = {
				ALWAYS_SEARCH_USER_PATHS = NO;
				CLANG_ANALYZER_NONNULL = YES;
				CLANG_ANALYZER_NUMBER_OBJECT_CONVERSION = YES_AGGRESSIVE;
				CLANG_CXX_LANGUAGE_STANDARD = "gnu++20";
				CLANG_ENABLE_MODULES = YES;
				CLANG_ENABLE_OBJC_ARC = YES;
				CLANG_ENABLE_OBJC_WEAK = YES;
				CLANG_WARN_BLOCK_CAPTURE_AUTORELEASING = YES;
				CLANG_WARN_BOOL_CONVERSION = YES;
				CLANG_WARN_COMMA = YES;
				CLANG_WARN_CONSTANT_CONVERSION = YES;
				CLANG_WARN_DEPRECATED_OBJC_IMPLEMENTATIONS = YES;
				CLANG_WARN_DIRECT_OBJC_ISA_USAGE = YES_ERROR;
				CLANG_WARN_DOCUMENTATION_COMMENTS = YES;
				CLANG_WARN_EMPTY_BODY = YES;
				CLANG_WARN_ENUM_CONVERSION = YES;
				CLANG_WARN_INFINITE_RECURSION = YES;
				CLANG_WARN_INT_CONVERSION = YES;
				CLANG_WARN_NON_LITERAL_NULL_CONVERSION = YES;
				CLANG_WARN_OBJC_IMPLICIT_RETAIN_SELF = YES;
				CLANG_WARN_OBJC_LITERAL_CONVERSION = YES;
				CLANG_WARN_OBJC_ROOT_CLASS = YES_ERROR;
				CLANG_WARN_QUOTED_INCLUDE_IN_FRAMEWORK_HEADER = YES;
				CLANG_WARN_RANGE_LOOP_ANALYSIS = YES;
				CLANG_WARN_STRICT_PROTOTYPES = YES;
				CLANG_WARN_SUSPICIOUS_MOVE = YES;
				CLANG_WARN_UNGUARDED_AVAILABILITY = YES_AGGRESSIVE;
				CLANG_WARN_UNREACHABLE_CODE = YES;
				CLANG_WARN__DUPLICATE_METHOD_MATCH = YES;
				COPY_PHASE_STRIP = NO;
				DEBUG_INFORMATION_FORMAT = "dwarf-with-dsym";
				ENABLE_NS_ASSERTIONS = NO;
				ENABLE_STRICT_OBJC_MSGSEND = YES;
				GCC_C_LANGUAGE_STANDARD = gnu11;
				GCC_NO_COMMON_BLOCKS = YES;
				GCC_WARN_64_TO_32_BIT_CONVERSION = YES;
				GCC_WARN_ABOUT_RETURN_TYPE = YES_ERROR;
				GCC_WARN_UNDECLARED_SELECTOR = YES;
				GCC_WARN_UNINITIALIZED_AUTOS = YES_AGGRESSIVE;
				GCC_WARN_UNUSED_FUNCTION = YES;
				GCC_WARN_UNUSED_VARIABLE = YES;
				IPHONEOS_DEPLOYMENT_TARGET = 16.2;
				MTL_ENABLE_DEBUG_INFO = NO;
				MTL_FAST_MATH = YES;
				SDKROOT = iphoneos;
				SWIFT_COMPILATION_MODE = wholemodule;
				SWIFT_OPTIMIZATION_LEVEL = "-O";
				VALIDATE_PRODUCT = YES;
			};
			name = Release;
		};
		66337B2B29B620EC00261A70 /* Debug */ = {
			isa = XCBuildConfiguration;
			buildSettings = {
				ASSETCATALOG_COMPILER_APPICON_NAME = AppIcon;
				ASSETCATALOG_COMPILER_GLOBAL_ACCENT_COLOR_NAME = AccentColor;
				CODE_SIGN_STYLE = Automatic;
				CURRENT_PROJECT_VERSION = 1;
				DEVELOPMENT_TEAM = JLB6AGL526;
				GENERATE_INFOPLIST_FILE = YES;
				INFOPLIST_FILE = RickandMorty/Info.plist;
				INFOPLIST_KEY_UIApplicationSupportsIndirectInputEvents = YES;
				INFOPLIST_KEY_UILaunchStoryboardName = LaunchScreen;
				INFOPLIST_KEY_UISupportedInterfaceOrientations_iPad = "UIInterfaceOrientationPortrait UIInterfaceOrientationPortraitUpsideDown UIInterfaceOrientationLandscapeLeft UIInterfaceOrientationLandscapeRight";
				INFOPLIST_KEY_UISupportedInterfaceOrientations_iPhone = "UIInterfaceOrientationPortrait UIInterfaceOrientationLandscapeLeft UIInterfaceOrientationLandscapeRight";
				LD_RUNPATH_SEARCH_PATHS = (
					"$(inherited)",
					"@executable_path/Frameworks",
				);
				MARKETING_VERSION = 1.0;
				PRODUCT_BUNDLE_IDENTIFIER = gustavo.com.RickandMorty;
				PRODUCT_NAME = "$(TARGET_NAME)";
				SWIFT_EMIT_LOC_STRINGS = YES;
				SWIFT_VERSION = 5.0;
				TARGETED_DEVICE_FAMILY = "1,2";
			};
			name = Debug;
		};
		66337B2C29B620EC00261A70 /* Release */ = {
			isa = XCBuildConfiguration;
			buildSettings = {
				ASSETCATALOG_COMPILER_APPICON_NAME = AppIcon;
				ASSETCATALOG_COMPILER_GLOBAL_ACCENT_COLOR_NAME = AccentColor;
				CODE_SIGN_STYLE = Automatic;
				CURRENT_PROJECT_VERSION = 1;
				DEVELOPMENT_TEAM = JLB6AGL526;
				GENERATE_INFOPLIST_FILE = YES;
				INFOPLIST_FILE = RickandMorty/Info.plist;
				INFOPLIST_KEY_UIApplicationSupportsIndirectInputEvents = YES;
				INFOPLIST_KEY_UILaunchStoryboardName = LaunchScreen;
				INFOPLIST_KEY_UISupportedInterfaceOrientations_iPad = "UIInterfaceOrientationPortrait UIInterfaceOrientationPortraitUpsideDown UIInterfaceOrientationLandscapeLeft UIInterfaceOrientationLandscapeRight";
				INFOPLIST_KEY_UISupportedInterfaceOrientations_iPhone = "UIInterfaceOrientationPortrait UIInterfaceOrientationLandscapeLeft UIInterfaceOrientationLandscapeRight";
				LD_RUNPATH_SEARCH_PATHS = (
					"$(inherited)",
					"@executable_path/Frameworks",
				);
				MARKETING_VERSION = 1.0;
				PRODUCT_BUNDLE_IDENTIFIER = gustavo.com.RickandMorty;
				PRODUCT_NAME = "$(TARGET_NAME)";
				SWIFT_EMIT_LOC_STRINGS = YES;
				SWIFT_VERSION = 5.0;
				TARGETED_DEVICE_FAMILY = "1,2";
			};
			name = Release;
		};
/* End XCBuildConfiguration section */

/* Begin XCConfigurationList section */
		66337B1129B620EB00261A70 /* Build configuration list for PBXProject "RickandMorty" */ = {
			isa = XCConfigurationList;
			buildConfigurations = (
				66337B2829B620EC00261A70 /* Debug */,
				66337B2929B620EC00261A70 /* Release */,
			);
			defaultConfigurationIsVisible = 0;
			defaultConfigurationName = Release;
		};
		66337B2A29B620EC00261A70 /* Build configuration list for PBXNativeTarget "RickandMorty" */ = {
			isa = XCConfigurationList;
			buildConfigurations = (
				66337B2B29B620EC00261A70 /* Debug */,
				66337B2C29B620EC00261A70 /* Release */,
			);
			defaultConfigurationIsVisible = 0;
			defaultConfigurationName = Release;
		};
/* End XCConfigurationList section */

/* Begin XCRemoteSwiftPackageReference section */
		666EF14D29C4C4C500CFBF42 /* XCRemoteSwiftPackageReference "SDWebImage" */ = {
			isa = XCRemoteSwiftPackageReference;
			repositoryURL = "https://github.com/SDWebImage/SDWebImage.git";
			requirement = {
				kind = upToNextMajorVersion;
				minimumVersion = 5.0.0;
			};
		};
/* End XCRemoteSwiftPackageReference section */

/* Begin XCSwiftPackageProductDependency section */
		666EF14E29C4C4C500CFBF42 /* SDWebImage */ = {
			isa = XCSwiftPackageProductDependency;
			package = 666EF14D29C4C4C500CFBF42 /* XCRemoteSwiftPackageReference "SDWebImage" */;
			productName = SDWebImage;
		};
/* End XCSwiftPackageProductDependency section */
	};
	rootObject = 66337B0E29B620EB00261A70 /* Project object */;
}
